
Microsoft Visual Studio Solution File, Format Version 12.00
# Visual Studio Version 17
VisualStudioVersion = 17.0.32112.339
MinimumVisualStudioVersion = 10.0.40219.1
Project("{9A19103F-16F7-4668-BE54-9A1E7A4F7556}") = "LionKingList", "LionKingGame\LionKingList.csproj", "{F58CC32D-EE37-4A08-85A3-E6775BC8B20E}"
EndProject
Global
	GlobalSection(SolutionConfigurationPlatforms) = preSolution
		Debug|Any CPU = Debug|Any CPU
		Release|Any CPU = Release|Any CPU
	EndGlobalSection
	GlobalSection(ProjectConfigurationPlatforms) = postSolution
		{F58CC32D-EE37-4A08-85A3-E6775BC8B20E}.Debug|Any CPU.ActiveCfg = Debug|Any CPU
		{F58CC32D-EE37-4A08-85A3-E6775BC8B20E}.Debug|Any CPU.Build.0 = Debug|Any CPU
		{F58CC32D-EE37-4A08-85A3-E6775BC8B20E}.Release|Any CPU.ActiveCfg = Release|Any CPU
		{F58CC32D-EE37-4A08-85A3-E6775BC8B20E}.Release|Any CPU.Build.0 = Release|Any CPU
	EndGlobalSection
	GlobalSection(SolutionProperties) = preSolution
		HideSolutionNode = FALSE
	EndGlobalSection
	GlobalSection(ExtensibilityGlobals) = postSolution
		SolutionGuid = {8017B71E-CA8F-48D6-AC29-4FD0DAD1AE94}
	EndGlobalSection
EndGlobal
